
Microsoft Visual Studio Solution File, Format Version 12.00
# Visual Studio Version 16
VisualStudioVersion = 16.0.30225.117
MinimumVisualStudioVersion = 10.0.40219.1
Project("{FAE04EC0-301F-11D3-BF4B-00C04F79EFBC}") = "InheritanceMiniProject", "InheritanceMiniProject\InheritanceMiniProject.csproj", "{835A5073-BB0F-44C9-8864-6E2603A3857D}"
EndProject
Global
	GlobalSection(SolutionConfigurationPlatforms) = preSolution
		Debug|Any CPU = Debug|Any CPU
		Release|Any CPU = Release|Any CPU
	EndGlobalSection
	GlobalSection(ProjectConfigurationPlatforms) = postSolution
		{835A5073-BB0F-44C9-8864-6E2603A3857D}.Debug|Any CPU.ActiveCfg = Debug|Any CPU
		{835A5073-BB0F-44C9-8864-6E2603A3857D}.Debug|Any CPU.Build.0 = Debug|Any CPU
		{835A5073-BB0F-44C9-8864-6E2603A3857D}.Release|Any CPU.ActiveCfg = Release|Any CPU
		{835A5073-BB0F-44C9-8864-6E2603A3857D}.Release|Any CPU.Build.0 = Release|Any CPU
	EndGlobalSection
	GlobalSection(SolutionProperties) = preSolution
		HideSolutionNode = FALSE
	EndGlobalSection
	GlobalSection(ExtensibilityGlobals) = postSolution
		SolutionGuid = {6E278657-48F5-44C8-BE74-4A2C1C1624DF}
	EndGlobalSection
EndGlobal
